
Microsoft Visual Studio Solution File, Format Version 12.00
# Visual Studio Version 17
VisualStudioVersion = 17.4.33213.308
MinimumVisualStudioVersion = 10.0.40219.1
Project("{FAE04EC0-301F-11D3-BF4B-00C04F79EFBC}") = "Assignment4", "Assignment4.csproj", "{72018FCF-65FD-4FBE-93BF-8AD5E9CF927A}"
EndProject
Global
	GlobalSection(SolutionConfigurationPlatforms) = preSolution
		Debug|Any CPU = Debug|Any CPU
		Release|Any CPU = Release|Any CPU
	EndGlobalSection
	GlobalSection(ProjectConfigurationPlatforms) = postSolution
		{72018FCF-65FD-4FBE-93BF-8AD5E9CF927A}.Debug|Any CPU.ActiveCfg = Debug|Any CPU
		{72018FCF-65FD-4FBE-93BF-8AD5E9CF927A}.Debug|Any CPU.Build.0 = Debug|Any CPU
		{72018FCF-65FD-4FBE-93BF-8AD5E9CF927A}.Release|Any CPU.ActiveCfg = Release|Any CPU
		{72018FCF-65FD-4FBE-93BF-8AD5E9CF927A}.Release|Any CPU.Build.0 = Release|Any CPU
	EndGlobalSection
	GlobalSection(SolutionProperties) = preSolution
		HideSolutionNode = FALSE
	EndGlobalSection
	GlobalSection(ExtensibilityGlobals) = postSolution
		SolutionGuid = {290C34F5-A0D8-4C85-988A-F5DD2DBECE5C}
	EndGlobalSection
EndGlobal
