
Microsoft Visual Studio Solution File, Format Version 12.00
# Visual Studio Version 17
VisualStudioVersion = 17.4.33213.308
MinimumVisualStudioVersion = 10.0.40219.1
Project("{2150E333-8FDC-42A3-9474-1A3956D46DE8}") = "Recruiting", "Recruiting", "{43ABD8E2-9F28-4E97-9F29-099FEEBFBB8F}"
EndProject
Project("{2150E333-8FDC-42A3-9474-1A3956D46DE8}") = "Interviews", "Interviews", "{F1E77947-0438-4645-8647-729B875C8783}"
EndProject
Project("{2150E333-8FDC-42A3-9474-1A3956D46DE8}") = "OnBoarding", "OnBoarding", "{AD804BB5-11B7-49E4-8CC5-A07D8A7B0756}"
EndProject
Project("{2150E333-8FDC-42A3-9474-1A3956D46DE8}") = "Authentication", "Authentication", "{B4638C71-37AE-4902-ACC6-5C9CB03255E5}"
EndProject
Project("{9A19103F-16F7-4668-BE54-9A1E7A4F7556}") = "RecruitingWeb", "..\Services\Recruiting\RecruitingWeb\RecruitingWeb.csproj", "{59C68521-C528-436F-9239-5E8ADC0B1E10}"
EndProject
Project("{9A19103F-16F7-4668-BE54-9A1E7A4F7556}") = "ApplicationCore", "..\Services\Recruiting\ApplicationCore\ApplicationCore.csproj", "{1C12E4B7-E699-445D-9F46-3BD3D2CA26FA}"
EndProject
Project("{9A19103F-16F7-4668-BE54-9A1E7A4F7556}") = "Infrastructure", "..\Services\Recruiting\Infrastructure\Infrastructure.csproj", "{29FDCE73-BAC5-4460-B087-2E763F72F92E}"
EndProject
Project("{2150E333-8FDC-42A3-9474-1A3956D46DE8}") = "Solution Items", "Solution Items", "{D299F7D1-6DDA-4166-A880-BCEDB41A124A}"
	ProjectSection(SolutionItems) = preProject
		TextFile1.txt = TextFile1.txt
		TextFile2.txt = TextFile2.txt
	EndProjectSection
EndProject
Project("{9A19103F-16F7-4668-BE54-9A1E7A4F7556}") = "Recruiting.API", "RecruitingAPI\Recruiting.API.csproj", "{29EC1E9A-3714-4F4A-B6EB-2EBFD6574BF8}"
EndProject
Project("{FAE04EC0-301F-11D3-BF4B-00C04F79EFBC}") = "OnBoarding.ApplicationCore", "..\Services\OnBoarding\OnBoarding.ApplicationCore\OnBoarding.ApplicationCore.csproj", "{7FF1EBD9-7AE4-4867-993D-EB582E3249E4}"
EndProject
Project("{FAE04EC0-301F-11D3-BF4B-00C04F79EFBC}") = "OnBoarding.Infrastructure", "..\Services\OnBoarding\OnBoarding.Infrastructure\OnBoarding.Infrastructure.csproj", "{55DC2303-CDF1-4658-9B0F-3560FBEE954E}"
EndProject
Project("{FAE04EC0-301F-11D3-BF4B-00C04F79EFBC}") = "Interviews.ApplicationCore", "..\Services\Interviews\Interviews.ApplicationCore\Interviews.ApplicationCore.csproj", "{6651AEF7-141E-45BC-9A81-44FCF98EAE46}"
EndProject
Project("{FAE04EC0-301F-11D3-BF4B-00C04F79EFBC}") = "Interviews.Infrastructure", "..\Services\Interviews\Interviews.Infrastructure\Interviews.Infrastructure.csproj", "{1049B54D-DC83-40FE-BCAF-0582F5F36BED}"
EndProject
Project("{FAE04EC0-301F-11D3-BF4B-00C04F79EFBC}") = "Interviews.API", "..\Services\Interviews\Interviews.API\Interviews.API.csproj", "{8187AF1B-A158-4D58-8D87-88EFAD240678}"
EndProject
Project("{FAE04EC0-301F-11D3-BF4B-00C04F79EFBC}") = "OnBoarding.API", "..\Services\OnBoarding\OnBoarding.API\OnBoarding.API.csproj", "{FB836DDF-4214-47FC-8047-23C7CAD650CE}"
EndProject
Project("{FAE04EC0-301F-11D3-BF4B-00C04F79EFBC}") = "Authentication.API", "..\Services\Authentification\Authentication.API\Authentication.API.csproj", "{725758CD-8608-4465-B6DC-DA60552D738E}"
EndProject
Global
	GlobalSection(SolutionConfigurationPlatforms) = preSolution
		Debug|Any CPU = Debug|Any CPU
		Release|Any CPU = Release|Any CPU
	EndGlobalSection
	GlobalSection(ProjectConfigurationPlatforms) = postSolution
		{59C68521-C528-436F-9239-5E8ADC0B1E10}.Debug|Any CPU.ActiveCfg = Debug|Any CPU
		{59C68521-C528-436F-9239-5E8ADC0B1E10}.Debug|Any CPU.Build.0 = Debug|Any CPU
		{59C68521-C528-436F-9239-5E8ADC0B1E10}.Release|Any CPU.ActiveCfg = Release|Any CPU
		{59C68521-C528-436F-9239-5E8ADC0B1E10}.Release|Any CPU.Build.0 = Release|Any CPU
		{1C12E4B7-E699-445D-9F46-3BD3D2CA26FA}.Debug|Any CPU.ActiveCfg = Debug|Any CPU
		{1C12E4B7-E699-445D-9F46-3BD3D2CA26FA}.Debug|Any CPU.Build.0 = Debug|Any CPU
		{1C12E4B7-E699-445D-9F46-3BD3D2CA26FA}.Release|Any CPU.ActiveCfg = Release|Any CPU
		{1C12E4B7-E699-445D-9F46-3BD3D2CA26FA}.Release|Any CPU.Build.0 = Release|Any CPU
		{29FDCE73-BAC5-4460-B087-2E763F72F92E}.Debug|Any CPU.ActiveCfg = Debug|Any CPU
		{29FDCE73-BAC5-4460-B087-2E763F72F92E}.Debug|Any CPU.Build.0 = Debug|Any CPU
		{29FDCE73-BAC5-4460-B087-2E763F72F92E}.Release|Any CPU.ActiveCfg = Release|Any CPU
		{29FDCE73-BAC5-4460-B087-2E763F72F92E}.Release|Any CPU.Build.0 = Release|Any CPU
		{29EC1E9A-3714-4F4A-B6EB-2EBFD6574BF8}.Debug|Any CPU.ActiveCfg = Debug|Any CPU
		{29EC1E9A-3714-4F4A-B6EB-2EBFD6574BF8}.Debug|Any CPU.Build.0 = Debug|Any CPU
		{29EC1E9A-3714-4F4A-B6EB-2EBFD6574BF8}.Release|Any CPU.ActiveCfg = Release|Any CPU
		{29EC1E9A-3714-4F4A-B6EB-2EBFD6574BF8}.Release|Any CPU.Build.0 = Release|Any CPU
		{7FF1EBD9-7AE4-4867-993D-EB582E3249E4}.Debug|Any CPU.ActiveCfg = Debug|Any CPU
		{7FF1EBD9-7AE4-4867-993D-EB582E3249E4}.Debug|Any CPU.Build.0 = Debug|Any CPU
		{7FF1EBD9-7AE4-4867-993D-EB582E3249E4}.Release|Any CPU.ActiveCfg = Release|Any CPU
		{7FF1EBD9-7AE4-4867-993D-EB582E3249E4}.Release|Any CPU.Build.0 = Release|Any CPU
		{55DC2303-CDF1-4658-9B0F-3560FBEE954E}.Debug|Any CPU.ActiveCfg = Debug|Any CPU
		{55DC2303-CDF1-4658-9B0F-3560FBEE954E}.Debug|Any CPU.Build.0 = Debug|Any CPU
		{55DC2303-CDF1-4658-9B0F-3560FBEE954E}.Release|Any CPU.ActiveCfg = Release|Any CPU
		{55DC2303-CDF1-4658-9B0F-3560FBEE954E}.Release|Any CPU.Build.0 = Release|Any CPU
		{6651AEF7-141E-45BC-9A81-44FCF98EAE46}.Debug|Any CPU.ActiveCfg = Debug|Any CPU
		{6651AEF7-141E-45BC-9A81-44FCF98EAE46}.Debug|Any CPU.Build.0 = Debug|Any CPU
		{6651AEF7-141E-45BC-9A81-44FCF98EAE46}.Release|Any CPU.ActiveCfg = Release|Any CPU
		{6651AEF7-141E-45BC-9A81-44FCF98EAE46}.Release|Any CPU.Build.0 = Release|Any CPU
		{1049B54D-DC83-40FE-BCAF-0582F5F36BED}.Debug|Any CPU.ActiveCfg = Debug|Any CPU
		{1049B54D-DC83-40FE-BCAF-0582F5F36BED}.Debug|Any CPU.Build.0 = Debug|Any CPU
		{1049B54D-DC83-40FE-BCAF-0582F5F36BED}.Release|Any CPU.ActiveCfg = Release|Any CPU
		{1049B54D-DC83-40FE-BCAF-0582F5F36BED}.Release|Any CPU.Build.0 = Release|Any CPU
		{8187AF1B-A158-4D58-8D87-88EFAD240678}.Debug|Any CPU.ActiveCfg = Debug|Any CPU
		{8187AF1B-A158-4D58-8D87-88EFAD240678}.Debug|Any CPU.Build.0 = Debug|Any CPU
		{8187AF1B-A158-4D58-8D87-88EFAD240678}.Release|Any CPU.ActiveCfg = Release|Any CPU
		{8187AF1B-A158-4D58-8D87-88EFAD240678}.Release|Any CPU.Build.0 = Release|Any CPU
		{FB836DDF-4214-47FC-8047-23C7CAD650CE}.Debug|Any CPU.ActiveCfg = Debug|Any CPU
		{FB836DDF-4214-47FC-8047-23C7CAD650CE}.Debug|Any CPU.Build.0 = Debug|Any CPU
		{FB836DDF-4214-47FC-8047-23C7CAD650CE}.Release|Any CPU.ActiveCfg = Release|Any CPU
		{FB836DDF-4214-47FC-8047-23C7CAD650CE}.Release|Any CPU.Build.0 = Release|Any CPU
		{725758CD-8608-4465-B6DC-DA60552D738E}.Debug|Any CPU.ActiveCfg = Debug|Any CPU
		{725758CD-8608-4465-B6DC-DA60552D738E}.Debug|Any CPU.Build.0 = Debug|Any CPU
		{725758CD-8608-4465-B6DC-DA60552D738E}.Release|Any CPU.ActiveCfg = Release|Any CPU
		{725758CD-8608-4465-B6DC-DA60552D738E}.Release|Any CPU.Build.0 = Release|Any CPU
	EndGlobalSection
	GlobalSection(SolutionProperties) = preSolution
		HideSolutionNode = FALSE
	EndGlobalSection
	GlobalSection(NestedProjects) = preSolution
		{59C68521-C528-436F-9239-5E8ADC0B1E10} = {43ABD8E2-9F28-4E97-9F29-099FEEBFBB8F}
		{1C12E4B7-E699-445D-9F46-3BD3D2CA26FA} = {43ABD8E2-9F28-4E97-9F29-099FEEBFBB8F}
		{29FDCE73-BAC5-4460-B087-2E763F72F92E} = {43ABD8E2-9F28-4E97-9F29-099FEEBFBB8F}
		{29EC1E9A-3714-4F4A-B6EB-2EBFD6574BF8} = {43ABD8E2-9F28-4E97-9F29-099FEEBFBB8F}
		{7FF1EBD9-7AE4-4867-993D-EB582E3249E4} = {AD804BB5-11B7-49E4-8CC5-A07D8A7B0756}
		{55DC2303-CDF1-4658-9B0F-3560FBEE954E} = {AD804BB5-11B7-49E4-8CC5-A07D8A7B0756}
		{6651AEF7-141E-45BC-9A81-44FCF98EAE46} = {F1E77947-0438-4645-8647-729B875C8783}
		{1049B54D-DC83-40FE-BCAF-0582F5F36BED} = {F1E77947-0438-4645-8647-729B875C8783}
		{8187AF1B-A158-4D58-8D87-88EFAD240678} = {F1E77947-0438-4645-8647-729B875C8783}
		{FB836DDF-4214-47FC-8047-23C7CAD650CE} = {AD804BB5-11B7-49E4-8CC5-A07D8A7B0756}
		{725758CD-8608-4465-B6DC-DA60552D738E} = {B4638C71-37AE-4902-ACC6-5C9CB03255E5}
	EndGlobalSection
	GlobalSection(ExtensibilityGlobals) = postSolution
		SolutionGuid = {57D3A8B0-74FA-47E3-952C-C680693CF4B1}
	EndGlobalSection
EndGlobal
